// !$*UTF8*$!
{
	archiveVersion = 1;
	classes = {
	};
	objectVersion = 55;
	objects = {

/* Begin PBXBuildFile section */
		BB7C15BD278F3C1D00D1031A /* QuickActionsApp.swift in Sources */ = {isa = PBXBuildFile; fileRef = BB7C15BC278F3C1D00D1031A /* QuickActionsApp.swift */; };
		BB7C15BF278F3C1D00D1031A /* ContentView.swift in Sources */ = {isa = PBXBuildFile; fileRef = BB7C15BE278F3C1D00D1031A /* ContentView.swift */; };
		BB7C15C1278F3C1E00D1031A /* Assets.xcassets in Resources */ = {isa = PBXBuildFile; fileRef = BB7C15C0278F3C1E00D1031A /* Assets.xcassets */; };
		BB7C15C4278F3C1E00D1031A /* Preview Assets.xcassets in Resources */ = {isa = PBXBuildFile; fileRef = BB7C15C3278F3C1E00D1031A /* Preview Assets.xcassets */; };
		BB7C15CB278F3C9500D1031A /* Launch Screen.storyboard in Resources */ = {isa = PBXBuildFile; fileRef = BB7C15CA278F3C9500D1031A /* Launch Screen.storyboard */; };
		BB7C15CD278F3CDD00D1031A /* Item.swift in Sources */ = {isa = PBXBuildFile; fileRef = BB7C15CC278F3CDD00D1031A /* Item.swift */; };
		BB7C15CF278F3D1000D1031A /* ViewModel.swift in Sources */ = {isa = PBXBuildFile; fileRef = BB7C15CE278F3D1000D1031A /* ViewModel.swift */; };
		BBEAE543278FF37500546944 /* QuickAction.swift in Sources */ = {isa = PBXBuildFile; fileRef = BBEAE542278FF37500546944 /* QuickAction.swift */; };
		BBEAE545278FF73900546944 /* Delegates.swift in Sources */ = {isa = PBXBuildFile; fileRef = BBEAE544278FF73900546944 /* Delegates.swift */; };
		BBEAE547278FFAB300546944 /* ConfigureView.swift in Sources */ = {isa = PBXBuildFile; fileRef = BBEAE546278FFAB300546944 /* ConfigureView.swift */; };
/* End PBXBuildFile section */

/* Begin PBXFileReference section */
		BB7C15B9278F3C1D00D1031A /* QuickActions.app */ = {isa = PBXFileReference; explicitFileType = wrapper.application; includeInIndex = 0; path = QuickActions.app; sourceTree = BUILT_PRODUCTS_DIR; };
		BB7C15BC278F3C1D00D1031A /* QuickActionsApp.swift */ = {isa = PBXFileReference; lastKnownFileType = sourcecode.swift; path = QuickActionsApp.swift; sourceTree = "<group>"; };
		BB7C15BE278F3C1D00D1031A /* ContentView.swift */ = {isa = PBXFileReference; lastKnownFileType = sourcecode.swift; path = ContentView.swift; sourceTree = "<group>"; };
		BB7C15C0278F3C1E00D1031A /* Assets.xcassets */ = {isa = PBXFileReference; lastKnownFileType = folder.assetcatalog; path = Assets.xcassets; sourceTree = "<group>"; };
		BB7C15C3278F3C1E00D1031A /* Preview Assets.xcassets */ = {isa = PBXFileReference; lastKnownFileType = folder.assetcatalog; path = "Preview Assets.xcassets"; sourceTree = "<group>"; };
		BB7C15CA278F3C9500D1031A /* Launch Screen.storyboard */ = {isa = PBXFileReference; fileEncoding = 4; lastKnownFileType = file.storyboard; path = "Launch Screen.storyboard"; sourceTree = "<group>"; };
		BB7C15CC278F3CDD00D1031A /* Item.swift */ = {isa = PBXFileReference; fileEncoding = 4; lastKnownFileType = sourcecode.swift; path = Item.swift; sourceTree = "<group>"; };
		BB7C15CE278F3D1000D1031A /* ViewModel.swift */ = {isa = PBXFileReference; fileEncoding = 4; lastKnownFileType = sourcecode.swift; path = ViewModel.swift; sourceTree = "<group>"; };
		BBEAE542278FF37500546944 /* QuickAction.swift */ = {isa = PBXFileReference; lastKnownFileType = sourcecode.swift; path = QuickAction.swift; sourceTree = "<group>"; };
		BBEAE544278FF73900546944 /* Delegates.swift */ = {isa = PBXFileReference; lastKnownFileType = sourcecode.swift; path = Delegates.swift; sourceTree = "<group>"; };
		BBEAE546278FFAB300546944 /* ConfigureView.swift */ = {isa = PBXFileReference; lastKnownFileType = sourcecode.swift; path = ConfigureView.swift; sourceTree = "<group>"; };
/* End PBXFileReference section */

/* Begin PBXFrameworksBuildPhase section */
		BB7C15B6278F3C1D00D1031A /* Frameworks */ = {
			isa = PBXFrameworksBuildPhase;
			buildActionMask = 2147483647;
			files = (
			);
			runOnlyForDeploymentPostprocessing = 0;
		};
/* End PBXFrameworksBuildPhase section */

/* Begin PBXGroup section */
		BB7C15B0278F3C1D00D1031A = {
			isa = PBXGroup;
			children = (
				BB7C15BB278F3C1D00D1031A /* QuickActions */,
				BB7C15BA278F3C1D00D1031A /* Products */,
			);
			sourceTree = "<group>";
		};
		BB7C15BA278F3C1D00D1031A /* Products */ = {
			isa = PBXGroup;
			children = (
				BB7C15B9278F3C1D00D1031A /* QuickActions.app */,
			);
			name = Products;
			sourceTree = "<group>";
		};
		BB7C15BB278F3C1D00D1031A /* QuickActions */ = {
			isa = PBXGroup;
			children = (
				BB7C15BC278F3C1D00D1031A /* QuickActionsApp.swift */,
				BB7C15CC278F3CDD00D1031A /* Item.swift */,
				BB7C15CE278F3D1000D1031A /* ViewModel.swift */,
				BB7C15BE278F3C1D00D1031A /* ContentView.swift */,
				BBEAE542278FF37500546944 /* QuickAction.swift */,
				BBEAE544278FF73900546944 /* Delegates.swift */,
				BBEAE546278FFAB300546944 /* ConfigureView.swift */,
				BB7C15C0278F3C1E00D1031A /* Assets.xcassets */,
				BB7C15CA278F3C9500D1031A /* Launch Screen.storyboard */,
				BB7C15C2278F3C1E00D1031A /* Preview Content */,
			);
			path = QuickActions;
			sourceTree = "<group>";
		};
		BB7C15C2278F3C1E00D1031A /* Preview Content */ = {
			isa = PBXGroup;
			children = (
				BB7C15C3278F3C1E00D1031A /* Preview Assets.xcassets */,
			);
			path = "Preview Content";
			sourceTree = "<group>";
		};
/* End PBXGroup section */

/* Begin PBXNativeTarget section */
		BB7C15B8278F3C1D00D1031A /* QuickActions */ = {
			isa = PBXNativeTarget;
			buildConfigurationList = BB7C15C7278F3C1E00D1031A /* Build configuration list for PBXNativeTarget "QuickActions" */;
			buildPhases = (
				BB7C15B5278F3C1D00D1031A /* Sources */,
				BB7C15B6278F3C1D00D1031A /* Frameworks */,
				BB7C15B7278F3C1D00D1031A /* Resources */,
			);
			buildRules = (
			);
			dependencies = (
			);
			name = QuickActions;
			productName = QuickActions;
			productReference = BB7C15B9278F3C1D00D1031A /* QuickActions.app */;
			productType = "com.apple.product-type.application";
		};
/* End PBXNativeTarget section */

/* Begin PBXProject section */
		BB7C15B1278F3C1D00D1031A /* Project object */ = {
			isa = PBXProject;
			attributes = {
				BuildIndependentTargetsInParallel = 1;
				LastSwiftUpdateCheck = 1320;
				LastUpgradeCheck = 1320;
				TargetAttributes = {
					BB7C15B8278F3C1D00D1031A = {
						CreatedOnToolsVersion = 13.2;
					};
				};
			};
			buildConfigurationList = BB7C15B4278F3C1D00D1031A /* Build configuration list for PBXProject "QuickActions" */;
			compatibilityVersion = "Xcode 13.0";
			developmentRegion = en;
			hasScannedForEncodings = 0;
			knownRegions = (
				en,
				Base,
			);
			mainGroup = BB7C15B0278F3C1D00D1031A;
			productRefGroup = BB7C15BA278F3C1D00D1031A /* Products */;
			projectDirPath = "";
			projectRoot = "";
			targets = (
				BB7C15B8278F3C1D00D1031A /* QuickActions */,
			);
		};
/* End PBXProject section */

/* Begin PBXResourcesBuildPhase section */
		BB7C15B7278F3C1D00D1031A /* Resources */ = {
			isa = PBXResourcesBuildPhase;
			buildActionMask = 2147483647;
			files = (
				BB7C15CB278F3C9500D1031A /* Launch Screen.storyboard in Resources */,
				BB7C15C4278F3C1E00D1031A /* Preview Assets.xcassets in Resources */,
				BB7C15C1278F3C1E00D1031A /* Assets.xcassets in Resources */,
			);
			runOnlyForDeploymentPostprocessing = 0;
		};
/* End PBXResourcesBuildPhase section */

/* Begin PBXSourcesBuildPhase section */
		BB7C15B5278F3C1D00D1031A /* Sources */ = {
			isa = PBXSourcesBuildPhase;
			buildActionMask = 2147483647;
			files = (
				BB7C15BF278F3C1D00D1031A /* ContentView.swift in Sources */,
				BBEAE547278FFAB300546944 /* ConfigureView.swift in Sources */,
				BB7C15CD278F3CDD00D1031A /* Item.swift in Sources */,
				BBEAE543278FF37500546944 /* QuickAction.swift in Sources */,
				BB7C15CF278F3D1000D1031A /* ViewModel.swift in Sources */,
				BBEAE545278FF73900546944 /* Delegates.swift in Sources */,
				BB7C15BD278F3C1D00D1031A /* QuickActionsApp.swift in Sources */,
			);
			runOnlyForDeploymentPostprocessing = 0;
		};
/* End PBXSourcesBuildPhase section */

/* Begin XCBuildConfiguration section */
		BB7C15C5278F3C1E00D1031A /* Debug */ = {
			isa = XCBuildConfiguration;
			buildSettings = {
				ALWAYS_SEARCH_USER_PATHS = NO;
				CLANG_ANALYZER_NONNULL = YES;
				CLANG_ANALYZER_NUMBER_OBJECT_CONVERSION = YES_AGGRESSIVE;
				CLANG_CXX_LANGUAGE_STANDARD = "gnu++17";
				CLANG_CXX_LIBRARY = "libc++";
				CLANG_ENABLE_MODULES = YES;
				CLANG_ENABLE_OBJC_ARC = YES;
				CLANG_ENABLE_OBJC_WEAK = YES;
				CLANG_WARN_BLOCK_CAPTURE_AUTORELEASING = YES;
				CLANG_WARN_BOOL_CONVERSION = YES;
				CLANG_WARN_COMMA = YES;
				CLANG_WARN_CONSTANT_CONVERSION = YES;
				CLANG_WARN_DEPRECATED_OBJC_IMPLEMENTATIONS = YES;
				CLANG_WARN_DIRECT_OBJC_ISA_USAGE = YES_ERROR;
				CLANG_WARN_DOCUMENTATION_COMMENTS = YES;
				CLANG_WARN_EMPTY_BODY = YES;
				CLANG_WARN_ENUM_CONVERSION = YES;
				CLANG_WARN_INFINITE_RECURSION = YES;
				CLANG_WARN_INT_CONVERSION = YES;
				CLANG_WARN_NON_LITERAL_NULL_CONVERSION = YES;
				CLANG_WARN_OBJC_IMPLICIT_RETAIN_SELF = YES;
				CLANG_WARN_OBJC_LITERAL_CONVERSION = YES;
				CLANG_WARN_OBJC_ROOT_CLASS = YES_ERROR;
				CLANG_WARN_QUOTED_INCLUDE_IN_FRAMEWORK_HEADER = YES;
				CLANG_WARN_RANGE_LOOP_ANALYSIS = YES;
				CLANG_WARN_STRICT_PROTOTYPES = YES;
				CLANG_WARN_SUSPICIOUS_MOVE = YES;
				CLANG_WARN_UNGUARDED_AVAILABILITY = YES_AGGRESSIVE;
				CLANG_WARN_UNREACHABLE_CODE = YES;
				CLANG_WARN__DUPLICATE_METHOD_MATCH = YES;
				COPY_PHASE_STRIP = NO;
				DEBUG_INFORMATION_FORMAT = dwarf;
				ENABLE_STRICT_OBJC_MSGSEND = YES;
				ENABLE_TESTABILITY = YES;
				GCC_C_LANGUAGE_STANDARD = gnu11;
				GCC_DYNAMIC_NO_PIC = NO;
				GCC_NO_COMMON_BLOCKS = YES;
				GCC_OPTIMIZATION_LEVEL = 0;
				GCC_PREPROCESSOR_DEFINITIONS = (
					"DEBUG=1",
					"$(inherited)",
				);
				GCC_WARN_64_TO_32_BIT_CONVERSION = YES;
				GCC_WARN_ABOUT_RETURN_TYPE = YES_ERROR;
				GCC_WARN_UNDECLARED_SELECTOR = YES;
				GCC_WARN_UNINITIALIZED_AUTOS = YES_AGGRESSIVE;
				GCC_WARN_UNUSED_FUNCTION = YES;
				GCC_WARN_UNUSED_VARIABLE = YES;
				IPHONEOS_DEPLOYMENT_TARGET = 15.2;
				MTL_ENABLE_DEBUG_INFO = INCLUDE_SOURCE;
				MTL_FAST_MATH = YES;
				ONLY_ACTIVE_ARCH = YES;
				SDKROOT = iphoneos;
				SWIFT_ACTIVE_COMPILATION_CONDITIONS = DEBUG;
				SWIFT_OPTIMIZATION_LEVEL = "-Onone";
			};
			name = Debug;
		};
		BB7C15C6278F3C1E00D1031A /* Release */ = {
			isa = XCBuildConfiguration;
			buildSettings = {
				ALWAYS_SEARCH_USER_PATHS = NO;
				CLANG_ANALYZER_NONNULL = YES;
				CLANG_ANALYZER_NUMBER_OBJECT_CONVERSION = YES_AGGRESSIVE;
				CLANG_CXX_LANGUAGE_STANDARD = "gnu++17";
				CLANG_CXX_LIBRARY = "libc++";
				CLANG_ENABLE_MODULES = YES;
				CLANG_ENABLE_OBJC_ARC = YES;
				CLANG_ENABLE_OBJC_WEAK = YES;
				CLANG_WARN_BLOCK_CAPTURE_AUTORELEASING = YES;
				CLANG_WARN_BOOL_CONVERSION = YES;
				CLANG_WARN_COMMA = YES;
				CLANG_WARN_CONSTANT_CONVERSION = YES;
				CLANG_WARN_DEPRECATED_OBJC_IMPLEMENTATIONS = YES;
				CLANG_WARN_DIRECT_OBJC_ISA_USAGE = YES_ERROR;
				CLANG_WARN_DOCUMENTATION_COMMENTS = YES;
				CLANG_WARN_EMPTY_BODY = YES;
				CLANG_WARN_ENUM_CONVERSION = YES;
				CLANG_WARN_INFINITE_RECURSION = YES;
				CLANG_WARN_INT_CONVERSION = YES;
				CLANG_WARN_NON_LITERAL_NULL_CONVERSION = YES;
				CLANG_WARN_OBJC_IMPLICIT_RETAIN_SELF = YES;
				CLANG_WARN_OBJC_LITERAL_CONVERSION = YES;
				CLANG_WARN_OBJC_ROOT_CLASS = YES_ERROR;
				CLANG_WARN_QUOTED_INCLUDE_IN_FRAMEWORK_HEADER = YES;
				CLANG_WARN_RANGE_LOOP_ANALYSIS = YES;
				CLANG_WARN_STRICT_PROTOTYPES = YES;
				CLANG_WARN_SUSPICIOUS_MOVE = YES;
				CLANG_WARN_UNGUARDED_AVAILABILITY = YES_AGGRESSIVE;
				CLANG_WARN_UNREACHABLE_CODE = YES;
				CLANG_WARN__DUPLICATE_METHOD_MATCH = YES;
				COPY_PHASE_STRIP = NO;
				DEBUG_INFORMATION_FORMAT = "dwarf-with-dsym";
				ENABLE_NS_ASSERTIONS = NO;
				ENABLE_STRICT_OBJC_MSGSEND = YES;
				GCC_C_LANGUAGE_STANDARD = gnu11;
				GCC_NO_COMMON_BLOCKS = YES;
				GCC_WARN_64_TO_32_BIT_CONVERSION = YES;
				GCC_WARN_ABOUT_RETURN_TYPE = YES_ERROR;
				GCC_WARN_UNDECLARED_SELECTOR = YES;
				GCC_WARN_UNINITIALIZED_AUTOS = YES_AGGRESSIVE;
				GCC_WARN_UNUSED_FUNCTION = YES;
				GCC_WARN_UNUSED_VARIABLE = YES;
				IPHONEOS_DEPLOYMENT_TARGET = 15.2;
				MTL_ENABLE_DEBUG_INFO = NO;
				MTL_FAST_MATH = YES;
				SDKROOT = iphoneos;
				SWIFT_COMPILATION_MODE = wholemodule;
				SWIFT_OPTIMIZATION_LEVEL = "-O";
				VALIDATE_PRODUCT = YES;
			};
			name = Release;
		};
		BB7C15C8278F3C1E00D1031A /* Debug */ = {
			isa = XCBuildConfiguration;
			buildSettings = {
				ASSETCATALOG_COMPILER_APPICON_NAME = AppIcon;
				ASSETCATALOG_COMPILER_GLOBAL_ACCENT_COLOR_NAME = AccentColor;
				CODE_SIGN_STYLE = Automatic;
				CURRENT_PROJECT_VERSION = 1;
				DEVELOPMENT_ASSET_PATHS = "\"QuickActions/Preview Content\"";
				DEVELOPMENT_TEAM = RKV4UP49S6;
				ENABLE_PREVIEWS = YES;
				GENERATE_INFOPLIST_FILE = YES;
				INFOPLIST_FILE = QuickActions/Info.plist;
				INFOPLIST_KEY_UIApplicationSceneManifest_Generation = YES;
				INFOPLIST_KEY_UIApplicationSupportsIndirectInputEvents = YES;
				INFOPLIST_KEY_UILaunchScreen_Generation = YES;
				INFOPLIST_KEY_UILaunchStoryboardName = "Launch Screen";
				INFOPLIST_KEY_UISupportedInterfaceOrientations_iPad = "UIInterfaceOrientationPortrait UIInterfaceOrientationPortraitUpsideDown UIInterfaceOrientationLandscapeLeft UIInterfaceOrientationLandscapeRight";
				INFOPLIST_KEY_UISupportedInterfaceOrientations_iPhone = "UIInterfaceOrientationPortrait UIInterfaceOrientationLandscapeLeft UIInterfaceOrientationLandscapeRight";
				LD_RUNPATH_SEARCH_PATHS = (
					"$(inherited)",
					"@executable_path/Frameworks",
				);
				MARKETING_VERSION = 1.0;
				PRODUCT_BUNDLE_IDENTIFIER = com.createchsol.QuickActions;
				PRODUCT_NAME = "$(TARGET_NAME)";
				SWIFT_EMIT_LOC_STRINGS = YES;
				SWIFT_VERSION = 5.0;
				TARGETED_DEVICE_FAMILY = "1,2";
			};
			name = Debug;
		};
		BB7C15C9278F3C1E00D1031A /* Release */ = {
			isa = XCBuildConfiguration;
			buildSettings = {
				ASSETCATALOG_COMPILER_APPICON_NAME = AppIcon;
				ASSETCATALOG_COMPILER_GLOBAL_ACCENT_COLOR_NAME = AccentColor;
				CODE_SIGN_STYLE = Automatic;
				CURRENT_PROJECT_VERSION = 1;
				DEVELOPMENT_ASSET_PATHS = "\"QuickActions/Preview Content\"";
				DEVELOPMENT_TEAM = RKV4UP49S6;
				ENABLE_PREVIEWS = YES;
				GENERATE_INFOPLIST_FILE = YES;
				INFOPLIST_FILE = QuickActions/Info.plist;
				INFOPLIST_KEY_UIApplicationSceneManifest_Generation = YES;
				INFOPLIST_KEY_UIApplicationSupportsIndirectInputEvents = YES;
				INFOPLIST_KEY_UILaunchScreen_Generation = YES;
				INFOPLIST_KEY_UILaunchStoryboardName = "Launch Screen";
				INFOPLIST_KEY_UISupportedInterfaceOrientations_iPad = "UIInterfaceOrientationPortrait UIInterfaceOrientationPortraitUpsideDown UIInterfaceOrientationLandscapeLeft UIInterfaceOrientationLandscapeRight";
				INFOPLIST_KEY_UISupportedInterfaceOrientations_iPhone = "UIInterfaceOrientationPortrait UIInterfaceOrientationLandscapeLeft UIInterfaceOrientationLandscapeRight";
				LD_RUNPATH_SEARCH_PATHS = (
					"$(inherited)",
					"@executable_path/Frameworks",
				);
				MARKETING_VERSION = 1.0;
				PRODUCT_BUNDLE_IDENTIFIER = com.createchsol.QuickActions;
				PRODUCT_NAME = "$(TARGET_NAME)";
				SWIFT_EMIT_LOC_STRINGS = YES;
				SWIFT_VERSION = 5.0;
				TARGETED_DEVICE_FAMILY = "1,2";
			};
			name = Release;
		};
/* End XCBuildConfiguration section */

/* Begin XCConfigurationList section */
		BB7C15B4278F3C1D00D1031A /* Build configuration list for PBXProject "QuickActions" */ = {
			isa = XCConfigurationList;
			buildConfigurations = (
				BB7C15C5278F3C1E00D1031A /* Debug */,
				BB7C15C6278F3C1E00D1031A /* Release */,
			);
			defaultConfigurationIsVisible = 0;
			defaultConfigurationName = Release;
		};
		BB7C15C7278F3C1E00D1031A /* Build configuration list for PBXNativeTarget "QuickActions" */ = {
			isa = XCConfigurationList;
			buildConfigurations = (
				BB7C15C8278F3C1E00D1031A /* Debug */,
				BB7C15C9278F3C1E00D1031A /* Release */,
			);
			defaultConfigurationIsVisible = 0;
			defaultConfigurationName = Release;
		};
/* End XCConfigurationList section */
	};
	rootObject = BB7C15B1278F3C1D00D1031A /* Project object */;
}
